// !$*UTF8*$!
{
	archiveVersion = 1;
	classes = {
	};
	objectVersion = 50;
	objects = {

/* Begin PBXBuildFile section */
		6838462A25CFF4C700CF65D4 /* AppDelegate.swift in Sources */ = {isa = PBXBuildFile; fileRef = 6838462925CFF4C700CF65D4 /* AppDelegate.swift */; };
		6838462C25CFF4C700CF65D4 /* SceneDelegate.swift in Sources */ = {isa = PBXBuildFile; fileRef = 6838462B25CFF4C700CF65D4 /* SceneDelegate.swift */; };
		6838462E25CFF4C700CF65D4 /* ViewController.swift in Sources */ = {isa = PBXBuildFile; fileRef = 6838462D25CFF4C700CF65D4 /* ViewController.swift */; };
		6838463125CFF4C700CF65D4 /* Main.storyboard in Resources */ = {isa = PBXBuildFile; fileRef = 6838462F25CFF4C700CF65D4 /* Main.storyboard */; };
		6838463325CFF4C800CF65D4 /* Assets.xcassets in Resources */ = {isa = PBXBuildFile; fileRef = 6838463225CFF4C800CF65D4 /* Assets.xcassets */; };
		6838463625CFF4C800CF65D4 /* LaunchScreen.storyboard in Resources */ = {isa = PBXBuildFile; fileRef = 6838463425CFF4C800CF65D4 /* LaunchScreen.storyboard */; };
		6838463F25CFF57900CF65D4 /* CardViewController.swift in Sources */ = {isa = PBXBuildFile; fileRef = 6838463E25CFF57900CF65D4 /* CardViewController.swift */; };
/* End PBXBuildFile section */

/* Begin PBXFileReference section */
		6838462625CFF4C700CF65D4 /* IneractiveCardView.app */ = {isa = PBXFileReference; explicitFileType = wrapper.application; includeInIndex = 0; path = IneractiveCardView.app; sourceTree = BUILT_PRODUCTS_DIR; };
		6838462925CFF4C700CF65D4 /* AppDelegate.swift */ = {isa = PBXFileReference; lastKnownFileType = sourcecode.swift; path = AppDelegate.swift; sourceTree = "<group>"; };
		6838462B25CFF4C700CF65D4 /* SceneDelegate.swift */ = {isa = PBXFileReference; lastKnownFileType = sourcecode.swift; path = SceneDelegate.swift; sourceTree = "<group>"; };
		6838462D25CFF4C700CF65D4 /* ViewController.swift */ = {isa = PBXFileReference; lastKnownFileType = sourcecode.swift; path = ViewController.swift; sourceTree = "<group>"; };
		6838463025CFF4C700CF65D4 /* Base */ = {isa = PBXFileReference; lastKnownFileType = file.storyboard; name = Base; path = Base.lproj/Main.storyboard; sourceTree = "<group>"; };
		6838463225CFF4C800CF65D4 /* Assets.xcassets */ = {isa = PBXFileReference; lastKnownFileType = folder.assetcatalog; path = Assets.xcassets; sourceTree = "<group>"; };
		6838463525CFF4C800CF65D4 /* Base */ = {isa = PBXFileReference; lastKnownFileType = file.storyboard; name = Base; path = Base.lproj/LaunchScreen.storyboard; sourceTree = "<group>"; };
		6838463725CFF4C800CF65D4 /* Info.plist */ = {isa = PBXFileReference; lastKnownFileType = text.plist.xml; path = Info.plist; sourceTree = "<group>"; };
		6838463E25CFF57900CF65D4 /* CardViewController.swift */ = {isa = PBXFileReference; lastKnownFileType = sourcecode.swift; path = CardViewController.swift; sourceTree = "<group>"; };
/* End PBXFileReference section */

/* Begin PBXFrameworksBuildPhase section */
		6838462325CFF4C700CF65D4 /* Frameworks */ = {
			isa = PBXFrameworksBuildPhase;
			buildActionMask = 2147483647;
			files = (
			);
			runOnlyForDeploymentPostprocessing = 0;
		};
/* End PBXFrameworksBuildPhase section */

/* Begin PBXGroup section */
		6838461D25CFF4C700CF65D4 = {
			isa = PBXGroup;
			children = (
				6838462825CFF4C700CF65D4 /* IneractiveCardView */,
				6838462725CFF4C700CF65D4 /* Products */,
			);
			sourceTree = "<group>";
		};
		6838462725CFF4C700CF65D4 /* Products */ = {
			isa = PBXGroup;
			children = (
				6838462625CFF4C700CF65D4 /* IneractiveCardView.app */,
			);
			name = Products;
			sourceTree = "<group>";
		};
		6838462825CFF4C700CF65D4 /* IneractiveCardView */ = {
			isa = PBXGroup;
			children = (
				6838462925CFF4C700CF65D4 /* AppDelegate.swift */,
				6838462B25CFF4C700CF65D4 /* SceneDelegate.swift */,
				6838462D25CFF4C700CF65D4 /* ViewController.swift */,
				6838463E25CFF57900CF65D4 /* CardViewController.swift */,
				6838462F25CFF4C700CF65D4 /* Main.storyboard */,
				6838463225CFF4C800CF65D4 /* Assets.xcassets */,
				6838463425CFF4C800CF65D4 /* LaunchScreen.storyboard */,
				6838463725CFF4C800CF65D4 /* Info.plist */,
			);
			path = IneractiveCardView;
			sourceTree = "<group>";
		};
/* End PBXGroup section */

/* Begin PBXNativeTarget section */
		6838462525CFF4C700CF65D4 /* IneractiveCardView */ = {
			isa = PBXNativeTarget;
			buildConfigurationList = 6838463A25CFF4C800CF65D4 /* Build configuration list for PBXNativeTarget "IneractiveCardView" */;
			buildPhases = (
				6838462225CFF4C700CF65D4 /* Sources */,
				6838462325CFF4C700CF65D4 /* Frameworks */,
				6838462425CFF4C700CF65D4 /* Resources */,
			);
			buildRules = (
			);
			dependencies = (
			);
			name = IneractiveCardView;
			productName = IneractiveCardView;
			productReference = 6838462625CFF4C700CF65D4 /* IneractiveCardView.app */;
			productType = "com.apple.product-type.application";
		};
/* End PBXNativeTarget section */

/* Begin PBXProject section */
		6838461E25CFF4C700CF65D4 /* Project object */ = {
			isa = PBXProject;
			attributes = {
				LastSwiftUpdateCheck = 1220;
				LastUpgradeCheck = 1220;
				TargetAttributes = {
					6838462525CFF4C700CF65D4 = {
						CreatedOnToolsVersion = 12.2;
					};
				};
			};
			buildConfigurationList = 6838462125CFF4C700CF65D4 /* Build configuration list for PBXProject "IneractiveCardView" */;
			compatibilityVersion = "Xcode 9.3";
			developmentRegion = en;
			hasScannedForEncodings = 0;
			knownRegions = (
				en,
				Base,
			);
			mainGroup = 6838461D25CFF4C700CF65D4;
			productRefGroup = 6838462725CFF4C700CF65D4 /* Products */;
			projectDirPath = "";
			projectRoot = "";
			targets = (
				6838462525CFF4C700CF65D4 /* IneractiveCardView */,
			);
		};
/* End PBXProject section */

/* Begin PBXResourcesBuildPhase section */
		6838462425CFF4C700CF65D4 /* Resources */ = {
			isa = PBXResourcesBuildPhase;
			buildActionMask = 2147483647;
			files = (
				6838463625CFF4C800CF65D4 /* LaunchScreen.storyboard in Resources */,
				6838463325CFF4C800CF65D4 /* Assets.xcassets in Resources */,
				6838463125CFF4C700CF65D4 /* Main.storyboard in Resources */,
			);
			runOnlyForDeploymentPostprocessing = 0;
		};
/* End PBXResourcesBuildPhase section */

/* Begin PBXSourcesBuildPhase section */
		6838462225CFF4C700CF65D4 /* Sources */ = {
			isa = PBXSourcesBuildPhase;
			buildActionMask = 2147483647;
			files = (
				6838463F25CFF57900CF65D4 /* CardViewController.swift in Sources */,
				6838462E25CFF4C700CF65D4 /* ViewController.swift in Sources */,
				6838462A25CFF4C700CF65D4 /* AppDelegate.swift in Sources */,
				6838462C25CFF4C700CF65D4 /* SceneDelegate.swift in Sources */,
			);
			runOnlyForDeploymentPostprocessing = 0;
		};
/* End PBXSourcesBuildPhase section */

/* Begin PBXVariantGroup section */
		6838462F25CFF4C700CF65D4 /* Main.storyboard */ = {
			isa = PBXVariantGroup;
			children = (
				6838463025CFF4C700CF65D4 /* Base */,
			);
			name = Main.storyboard;
			sourceTree = "<group>";
		};
		6838463425CFF4C800CF65D4 /* LaunchScreen.storyboard */ = {
			isa = PBXVariantGroup;
			children = (
				6838463525CFF4C800CF65D4 /* Base */,
			);
			name = LaunchScreen.storyboard;
			sourceTree = "<group>";
		};
/* End PBXVariantGroup section */

/* Begin XCBuildConfiguration section */
		6838463825CFF4C800CF65D4 /* Debug */ = {
			isa = XCBuildConfiguration;
			buildSettings = {
				ALWAYS_SEARCH_USER_PATHS = NO;
				CLANG_ANALYZER_NONNULL = YES;
				CLANG_ANALYZER_NUMBER_OBJECT_CONVERSION = YES_AGGRESSIVE;
				CLANG_CXX_LANGUAGE_STANDARD = "gnu++14";
				CLANG_CXX_LIBRARY = "libc++";
				CLANG_ENABLE_MODULES = YES;
				CLANG_ENABLE_OBJC_ARC = YES;
				CLANG_ENABLE_OBJC_WEAK = YES;
				CLANG_WARN_BLOCK_CAPTURE_AUTORELEASING = YES;
				CLANG_WARN_BOOL_CONVERSION = YES;
				CLANG_WARN_COMMA = YES;
				CLANG_WARN_CONSTANT_CONVERSION = YES;
				CLANG_WARN_DEPRECATED_OBJC_IMPLEMENTATIONS = YES;
				CLANG_WARN_DIRECT_OBJC_ISA_USAGE = YES_ERROR;
				CLANG_WARN_DOCUMENTATION_COMMENTS = YES;
				CLANG_WARN_EMPTY_BODY = YES;
				CLANG_WARN_ENUM_CONVERSION = YES;
				CLANG_WARN_INFINITE_RECURSION = YES;
				CLANG_WARN_INT_CONVERSION = YES;
				CLANG_WARN_NON_LITERAL_NULL_CONVERSION = YES;
				CLANG_WARN_OBJC_IMPLICIT_RETAIN_SELF = YES;
				CLANG_WARN_OBJC_LITERAL_CONVERSION = YES;
				CLANG_WARN_OBJC_ROOT_CLASS = YES_ERROR;
				CLANG_WARN_QUOTED_INCLUDE_IN_FRAMEWORK_HEADER = YES;
				CLANG_WARN_RANGE_LOOP_ANALYSIS = YES;
				CLANG_WARN_STRICT_PROTOTYPES = YES;
				CLANG_WARN_SUSPICIOUS_MOVE = YES;
				CLANG_WARN_UNGUARDED_AVAILABILITY = YES_AGGRESSIVE;
				CLANG_WARN_UNREACHABLE_CODE = YES;
				CLANG_WARN__DUPLICATE_METHOD_MATCH = YES;
				COPY_PHASE_STRIP = NO;
				DEBUG_INFORMATION_FORMAT = dwarf;
				ENABLE_STRICT_OBJC_MSGSEND = YES;
				ENABLE_TESTABILITY = YES;
				GCC_C_LANGUAGE_STANDARD = gnu11;
				GCC_DYNAMIC_NO_PIC = NO;
				GCC_NO_COMMON_BLOCKS = YES;
				GCC_OPTIMIZATION_LEVEL = 0;
				GCC_PREPROCESSOR_DEFINITIONS = (
					"DEBUG=1",
					"$(inherited)",
				);
				GCC_WARN_64_TO_32_BIT_CONVERSION = YES;
				GCC_WARN_ABOUT_RETURN_TYPE = YES_ERROR;
				GCC_WARN_UNDECLARED_SELECTOR = YES;
				GCC_WARN_UNINITIALIZED_AUTOS = YES_AGGRESSIVE;
				GCC_WARN_UNUSED_FUNCTION = YES;
				GCC_WARN_UNUSED_VARIABLE = YES;
				IPHONEOS_DEPLOYMENT_TARGET = 14.2;
				MTL_ENABLE_DEBUG_INFO = INCLUDE_SOURCE;
				MTL_FAST_MATH = YES;
				ONLY_ACTIVE_ARCH = YES;
				SDKROOT = iphoneos;
				SWIFT_ACTIVE_COMPILATION_CONDITIONS = DEBUG;
				SWIFT_OPTIMIZATION_LEVEL = "-Onone";
			};
			name = Debug;
		};
		6838463925CFF4C800CF65D4 /* Release */ = {
			isa = XCBuildConfiguration;
			buildSettings = {
				ALWAYS_SEARCH_USER_PATHS = NO;
				CLANG_ANALYZER_NONNULL = YES;
				CLANG_ANALYZER_NUMBER_OBJECT_CONVERSION = YES_AGGRESSIVE;
				CLANG_CXX_LANGUAGE_STANDARD = "gnu++14";
				CLANG_CXX_LIBRARY = "libc++";
				CLANG_ENABLE_MODULES = YES;
				CLANG_ENABLE_OBJC_ARC = YES;
				CLANG_ENABLE_OBJC_WEAK = YES;
				CLANG_WARN_BLOCK_CAPTURE_AUTORELEASING = YES;
				CLANG_WARN_BOOL_CONVERSION = YES;
				CLANG_WARN_COMMA = YES;
				CLANG_WARN_CONSTANT_CONVERSION = YES;
				CLANG_WARN_DEPRECATED_OBJC_IMPLEMENTATIONS = YES;
				CLANG_WARN_DIRECT_OBJC_ISA_USAGE = YES_ERROR;
				CLANG_WARN_DOCUMENTATION_COMMENTS = YES;
				CLANG_WARN_EMPTY_BODY = YES;
				CLANG_WARN_ENUM_CONVERSION = YES;
				CLANG_WARN_INFINITE_RECURSION = YES;
				CLANG_WARN_INT_CONVERSION = YES;
				CLANG_WARN_NON_LITERAL_NULL_CONVERSION = YES;
				CLANG_WARN_OBJC_IMPLICIT_RETAIN_SELF = YES;
				CLANG_WARN_OBJC_LITERAL_CONVERSION = YES;
				CLANG_WARN_OBJC_ROOT_CLASS = YES_ERROR;
				CLANG_WARN_QUOTED_INCLUDE_IN_FRAMEWORK_HEADER = YES;
				CLANG_WARN_RANGE_LOOP_ANALYSIS = YES;
				CLANG_WARN_STRICT_PROTOTYPES = YES;
				CLANG_WARN_SUSPICIOUS_MOVE = YES;
				CLANG_WARN_UNGUARDED_AVAILABILITY = YES_AGGRESSIVE;
				CLANG_WARN_UNREACHABLE_CODE = YES;
				CLANG_WARN__DUPLICATE_METHOD_MATCH = YES;
				COPY_PHASE_STRIP = NO;
				DEBUG_INFORMATION_FORMAT = "dwarf-with-dsym";
				ENABLE_NS_ASSERTIONS = NO;
				ENABLE_STRICT_OBJC_MSGSEND = YES;
				GCC_C_LANGUAGE_STANDARD = gnu11;
				GCC_NO_COMMON_BLOCKS = YES;
				GCC_WARN_64_TO_32_BIT_CONVERSION = YES;
				GCC_WARN_ABOUT_RETURN_TYPE = YES_ERROR;
				GCC_WARN_UNDECLARED_SELECTOR = YES;
				GCC_WARN_UNINITIALIZED_AUTOS = YES_AGGRESSIVE;
				GCC_WARN_UNUSED_FUNCTION = YES;
				GCC_WARN_UNUSED_VARIABLE = YES;
				IPHONEOS_DEPLOYMENT_TARGET = 14.2;
				MTL_ENABLE_DEBUG_INFO = NO;
				MTL_FAST_MATH = YES;
				SDKROOT = iphoneos;
				SWIFT_COMPILATION_MODE = wholemodule;
				SWIFT_OPTIMIZATION_LEVEL = "-O";
				VALIDATE_PRODUCT = YES;
			};
			name = Release;
		};
		6838463B25CFF4C800CF65D4 /* Debug */ = {
			isa = XCBuildConfiguration;
			buildSettings = {
				ASSETCATALOG_COMPILER_APPICON_NAME = AppIcon;
				ASSETCATALOG_COMPILER_GLOBAL_ACCENT_COLOR_NAME = AccentColor;
				CODE_SIGN_STYLE = Automatic;
				DEVELOPMENT_TEAM = CVW9Q74CT5;
				INFOPLIST_FILE = IneractiveCardView/Info.plist;
				LD_RUNPATH_SEARCH_PATHS = (
					"$(inherited)",
					"@executable_path/Frameworks",
				);
				PRODUCT_BUNDLE_IDENTIFIER = com.interactive.demo.IneractiveCardView;
				PRODUCT_NAME = "$(TARGET_NAME)";
				SWIFT_VERSION = 5.0;
				TARGETED_DEVICE_FAMILY = "1,2";
			};
			name = Debug;
		};
		6838463C25CFF4C800CF65D4 /* Release */ = {
			isa = XCBuildConfiguration;
			buildSettings = {
				ASSETCATALOG_COMPILER_APPICON_NAME = AppIcon;
				ASSETCATALOG_COMPILER_GLOBAL_ACCENT_COLOR_NAME = AccentColor;
				CODE_SIGN_STYLE = Automatic;
				DEVELOPMENT_TEAM = CVW9Q74CT5;
				INFOPLIST_FILE = IneractiveCardView/Info.plist;
				LD_RUNPATH_SEARCH_PATHS = (
					"$(inherited)",
					"@executable_path/Frameworks",
				);
				PRODUCT_BUNDLE_IDENTIFIER = com.interactive.demo.IneractiveCardView;
				PRODUCT_NAME = "$(TARGET_NAME)";
				SWIFT_VERSION = 5.0;
				TARGETED_DEVICE_FAMILY = "1,2";
			};
			name = Release;
		};
/* End XCBuildConfiguration section */

/* Begin XCConfigurationList section */
		6838462125CFF4C700CF65D4 /* Build configuration list for PBXProject "IneractiveCardView" */ = {
			isa = XCConfigurationList;
			buildConfigurations = (
				6838463825CFF4C800CF65D4 /* Debug */,
				6838463925CFF4C800CF65D4 /* Release */,
			);
			defaultConfigurationIsVisible = 0;
			defaultConfigurationName = Release;
		};
		6838463A25CFF4C800CF65D4 /* Build configuration list for PBXNativeTarget "IneractiveCardView" */ = {
			isa = XCConfigurationList;
			buildConfigurations = (
				6838463B25CFF4C800CF65D4 /* Debug */,
				6838463C25CFF4C800CF65D4 /* Release */,
			);
			defaultConfigurationIsVisible = 0;
			defaultConfigurationName = Release;
		};
/* End XCConfigurationList section */
	};
	rootObject = 6838461E25CFF4C700CF65D4 /* Project object */;
}
